// !$*UTF8*$!
{
	archiveVersion = 1;
	classes = {
	};
	objectVersion = 48;
	objects = {

/* Begin PBXBuildFile section */
		2047B5BA2055EEED00DEBAAB /* AppDelegate.swift in Sources */ = {isa = PBXBuildFile; fileRef = 2047B5B92055EEED00DEBAAB /* AppDelegate.swift */; };
		2047B5BC2055EEED00DEBAAB /* MapViewController.swift in Sources */ = {isa = PBXBuildFile; fileRef = 2047B5BB2055EEED00DEBAAB /* MapViewController.swift */; };
		2047B5BF2055EEED00DEBAAB /* Main.storyboard in Resources */ = {isa = PBXBuildFile; fileRef = 2047B5BD2055EEED00DEBAAB /* Main.storyboard */; };
		2047B5C42055EEED00DEBAAB /* Assets.xcassets in Resources */ = {isa = PBXBuildFile; fileRef = 2047B5C32055EEED00DEBAAB /* Assets.xcassets */; };
		2047B5C72055EEED00DEBAAB /* LaunchScreen.storyboard in Resources */ = {isa = PBXBuildFile; fileRef = 2047B5C52055EEED00DEBAAB /* LaunchScreen.storyboard */; };
		2067D13A205EB05B005CD8C4 /* CoreDataStack.swift in Sources */ = {isa = PBXBuildFile; fileRef = 2067D139205EB05B005CD8C4 /* CoreDataStack.swift */; };
		2067D13C205EBC7C005CD8C4 /* DetailViewController.swift in Sources */ = {isa = PBXBuildFile; fileRef = 2067D13B205EBC7C005CD8C4 /* DetailViewController.swift */; };
		2067D13E205EBF64005CD8C4 /* PhotoCollectionViewCell.swift in Sources */ = {isa = PBXBuildFile; fileRef = 2067D13D205EBF64005CD8C4 /* PhotoCollectionViewCell.swift */; };
		2067D142205F03B9005CD8C4 /* Photo.swift in Sources */ = {isa = PBXBuildFile; fileRef = 2067D141205F03B9005CD8C4 /* Photo.swift */; };
		2067D144205F04FF005CD8C4 /* Pin.swift in Sources */ = {isa = PBXBuildFile; fileRef = 2067D143205F04FF005CD8C4 /* Pin.swift */; };
		2093BE1D2058A4C600FABFFD /* Picture.swift in Sources */ = {isa = PBXBuildFile; fileRef = 2093BE1C2058A4C600FABFFD /* Picture.swift */; };
		2093BE1F2058A67A00FABFFD /* ErrorResponse.swift in Sources */ = {isa = PBXBuildFile; fileRef = 2093BE1E2058A67A00FABFFD /* ErrorResponse.swift */; };
		2093BE212058A7DE00FABFFD /* Constants.swift in Sources */ = {isa = PBXBuildFile; fileRef = 2093BE202058A7DE00FABFFD /* Constants.swift */; };
		2093BE242058BCE600FABFFD /* CoreDataModel.xcdatamodeld in Sources */ = {isa = PBXBuildFile; fileRef = 2093BE222058BCE600FABFFD /* CoreDataModel.xcdatamodeld */; };
		20BE994A20562D08006754DA /* Service.swift in Sources */ = {isa = PBXBuildFile; fileRef = 20BE994920562D08006754DA /* Service.swift */; };
/* End PBXBuildFile section */

/* Begin PBXFileReference section */
		2047B5B62055EEED00DEBAAB /* VisualTourist.app */ = {isa = PBXFileReference; explicitFileType = wrapper.application; includeInIndex = 0; path = VisualTourist.app; sourceTree = BUILT_PRODUCTS_DIR; };
		2047B5B92055EEED00DEBAAB /* AppDelegate.swift */ = {isa = PBXFileReference; lastKnownFileType = sourcecode.swift; path = AppDelegate.swift; sourceTree = "<group>"; };
		2047B5BB2055EEED00DEBAAB /* MapViewController.swift */ = {isa = PBXFileReference; lastKnownFileType = sourcecode.swift; path = MapViewController.swift; sourceTree = "<group>"; };
		2047B5BE2055EEED00DEBAAB /* Base */ = {isa = PBXFileReference; lastKnownFileType = file.storyboard; name = Base; path = Base.lproj/Main.storyboard; sourceTree = "<group>"; };
		2047B5C32055EEED00DEBAAB /* Assets.xcassets */ = {isa = PBXFileReference; lastKnownFileType = folder.assetcatalog; path = Assets.xcassets; sourceTree = "<group>"; };
		2047B5C62055EEED00DEBAAB /* Base */ = {isa = PBXFileReference; lastKnownFileType = file.storyboard; name = Base; path = Base.lproj/LaunchScreen.storyboard; sourceTree = "<group>"; };
		2047B5C82055EEEE00DEBAAB /* Info.plist */ = {isa = PBXFileReference; lastKnownFileType = text.plist.xml; path = Info.plist; sourceTree = "<group>"; };
		2067D139205EB05B005CD8C4 /* CoreDataStack.swift */ = {isa = PBXFileReference; lastKnownFileType = sourcecode.swift; path = CoreDataStack.swift; sourceTree = "<group>"; };
		2067D13B205EBC7C005CD8C4 /* DetailViewController.swift */ = {isa = PBXFileReference; lastKnownFileType = sourcecode.swift; path = DetailViewController.swift; sourceTree = "<group>"; };
		2067D13D205EBF64005CD8C4 /* PhotoCollectionViewCell.swift */ = {isa = PBXFileReference; lastKnownFileType = sourcecode.swift; path = PhotoCollectionViewCell.swift; sourceTree = "<group>"; };
		2067D141205F03B9005CD8C4 /* Photo.swift */ = {isa = PBXFileReference; lastKnownFileType = sourcecode.swift; path = Photo.swift; sourceTree = "<group>"; };
		2067D143205F04FF005CD8C4 /* Pin.swift */ = {isa = PBXFileReference; lastKnownFileType = sourcecode.swift; path = Pin.swift; sourceTree = "<group>"; };
		2093BE1C2058A4C600FABFFD /* Picture.swift */ = {isa = PBXFileReference; lastKnownFileType = sourcecode.swift; path = Picture.swift; sourceTree = "<group>"; };
		2093BE1E2058A67A00FABFFD /* ErrorResponse.swift */ = {isa = PBXFileReference; lastKnownFileType = sourcecode.swift; path = ErrorResponse.swift; sourceTree = "<group>"; };
		2093BE202058A7DE00FABFFD /* Constants.swift */ = {isa = PBXFileReference; lastKnownFileType = sourcecode.swift; path = Constants.swift; sourceTree = "<group>"; };
		2093BE232058BCE600FABFFD /* CoreDataModel.xcdatamodel */ = {isa = PBXFileReference; lastKnownFileType = wrapper.xcdatamodel; path = CoreDataModel.xcdatamodel; sourceTree = "<group>"; };
		20BE994920562D08006754DA /* Service.swift */ = {isa = PBXFileReference; lastKnownFileType = sourcecode.swift; path = Service.swift; sourceTree = "<group>"; };
/* End PBXFileReference section */

/* Begin PBXFrameworksBuildPhase section */
		2047B5B32055EEED00DEBAAB /* Frameworks */ = {
			isa = PBXFrameworksBuildPhase;
			buildActionMask = 2147483647;
			files = (
			);
			runOnlyForDeploymentPostprocessing = 0;
		};
/* End PBXFrameworksBuildPhase section */

/* Begin PBXGroup section */
		2047B5AD2055EEED00DEBAAB = {
			isa = PBXGroup;
			children = (
				2047B5B82055EEED00DEBAAB /* VisualTourist */,
				2047B5B72055EEED00DEBAAB /* Products */,
			);
			sourceTree = "<group>";
		};
		2047B5B72055EEED00DEBAAB /* Products */ = {
			isa = PBXGroup;
			children = (
				2047B5B62055EEED00DEBAAB /* VisualTourist.app */,
			);
			name = Products;
			sourceTree = "<group>";
		};
		2047B5B82055EEED00DEBAAB /* VisualTourist */ = {
			isa = PBXGroup;
			children = (
				2067D13F205EC098005CD8C4 /* Controller */,
				2093BE1B2058A44B00FABFFD /* Model */,
				20BE994820562C5A006754DA /* Service */,
				2047B5B92055EEED00DEBAAB /* AppDelegate.swift */,
				2093BE1C2058A4C600FABFFD /* Picture.swift */,
				2047B5BD2055EEED00DEBAAB /* Main.storyboard */,
				2047B5C32055EEED00DEBAAB /* Assets.xcassets */,
				2047B5C52055EEED00DEBAAB /* LaunchScreen.storyboard */,
				2047B5C82055EEEE00DEBAAB /* Info.plist */,
				2093BE222058BCE600FABFFD /* CoreDataModel.xcdatamodeld */,
				2067D139205EB05B005CD8C4 /* CoreDataStack.swift */,
			);
			path = VisualTourist;
			sourceTree = "<group>";
		};
		2067D13F205EC098005CD8C4 /* Controller */ = {
			isa = PBXGroup;
			children = (
				2047B5BB2055EEED00DEBAAB /* MapViewController.swift */,
				2067D13B205EBC7C005CD8C4 /* DetailViewController.swift */,
				2067D13D205EBF64005CD8C4 /* PhotoCollectionViewCell.swift */,
			);
			path = Controller;
			sourceTree = "<group>";
		};
		2093BE1B2058A44B00FABFFD /* Model */ = {
			isa = PBXGroup;
			children = (
				2067D141205F03B9005CD8C4 /* Photo.swift */,
				2067D143205F04FF005CD8C4 /* Pin.swift */,
			);
			path = Model;
			sourceTree = "<group>";
		};
		20BE994820562C5A006754DA /* Service */ = {
			isa = PBXGroup;
			children = (
				20BE994920562D08006754DA /* Service.swift */,
				2093BE1E2058A67A00FABFFD /* ErrorResponse.swift */,
				2093BE202058A7DE00FABFFD /* Constants.swift */,
			);
			path = Service;
			sourceTree = "<group>";
		};
/* End PBXGroup section */

/* Begin PBXNativeTarget section */
		2047B5B52055EEED00DEBAAB /* VisualTourist */ = {
			isa = PBXNativeTarget;
			buildConfigurationList = 2047B5CB2055EEEE00DEBAAB /* Build configuration list for PBXNativeTarget "VisualTourist" */;
			buildPhases = (
				2047B5B22055EEED00DEBAAB /* Sources */,
				2047B5B32055EEED00DEBAAB /* Frameworks */,
				2047B5B42055EEED00DEBAAB /* Resources */,
			);
			buildRules = (
			);
			dependencies = (
			);
			name = VisualTourist;
			productName = VisualTourist;
			productReference = 2047B5B62055EEED00DEBAAB /* VisualTourist.app */;
			productType = "com.apple.product-type.application";
		};
/* End PBXNativeTarget section */

/* Begin PBXProject section */
		2047B5AE2055EEED00DEBAAB /* Project object */ = {
			isa = PBXProject;
			attributes = {
				LastSwiftUpdateCheck = 0920;
				LastUpgradeCheck = 0920;
				ORGANIZATIONNAME = FabiolaRamirez;
				TargetAttributes = {
					2047B5B52055EEED00DEBAAB = {
						CreatedOnToolsVersion = 9.2;
						ProvisioningStyle = Automatic;
					};
				};
			};
			buildConfigurationList = 2047B5B12055EEED00DEBAAB /* Build configuration list for PBXProject "VisualTourist" */;
			compatibilityVersion = "Xcode 8.0";
			developmentRegion = en;
			hasScannedForEncodings = 0;
			knownRegions = (
				en,
				Base,
			);
			mainGroup = 2047B5AD2055EEED00DEBAAB;
			productRefGroup = 2047B5B72055EEED00DEBAAB /* Products */;
			projectDirPath = "";
			projectRoot = "";
			targets = (
				2047B5B52055EEED00DEBAAB /* VisualTourist */,
			);
		};
/* End PBXProject section */

/* Begin PBXResourcesBuildPhase section */
		2047B5B42055EEED00DEBAAB /* Resources */ = {
			isa = PBXResourcesBuildPhase;
			buildActionMask = 2147483647;
			files = (
				2047B5C72055EEED00DEBAAB /* LaunchScreen.storyboard in Resources */,
				2047B5C42055EEED00DEBAAB /* Assets.xcassets in Resources */,
				2047B5BF2055EEED00DEBAAB /* Main.storyboard in Resources */,
			);
			runOnlyForDeploymentPostprocessing = 0;
		};
/* End PBXResourcesBuildPhase section */

/* Begin PBXSourcesBuildPhase section */
		2047B5B22055EEED00DEBAAB /* Sources */ = {
			isa = PBXSourcesBuildPhase;
			buildActionMask = 2147483647;
			files = (
				2067D142205F03B9005CD8C4 /* Photo.swift in Sources */,
				2047B5BC2055EEED00DEBAAB /* MapViewController.swift in Sources */,
				2093BE1D2058A4C600FABFFD /* Picture.swift in Sources */,
				20BE994A20562D08006754DA /* Service.swift in Sources */,
				2067D13A205EB05B005CD8C4 /* CoreDataStack.swift in Sources */,
				2093BE1F2058A67A00FABFFD /* ErrorResponse.swift in Sources */,
				2067D144205F04FF005CD8C4 /* Pin.swift in Sources */,
				2093BE212058A7DE00FABFFD /* Constants.swift in Sources */,
				2047B5BA2055EEED00DEBAAB /* AppDelegate.swift in Sources */,
				2067D13C205EBC7C005CD8C4 /* DetailViewController.swift in Sources */,
				2093BE242058BCE600FABFFD /* CoreDataModel.xcdatamodeld in Sources */,
				2067D13E205EBF64005CD8C4 /* PhotoCollectionViewCell.swift in Sources */,
			);
			runOnlyForDeploymentPostprocessing = 0;
		};
/* End PBXSourcesBuildPhase section */

/* Begin PBXVariantGroup section */
		2047B5BD2055EEED00DEBAAB /* Main.storyboard */ = {
			isa = PBXVariantGroup;
			children = (
				2047B5BE2055EEED00DEBAAB /* Base */,
			);
			name = Main.storyboard;
			sourceTree = "<group>";
		};
		2047B5C52055EEED00DEBAAB /* LaunchScreen.storyboard */ = {
			isa = PBXVariantGroup;
			children = (
				2047B5C62055EEED00DEBAAB /* Base */,
			);
			name = LaunchScreen.storyboard;
			sourceTree = "<group>";
		};
/* End PBXVariantGroup section */

/* Begin XCBuildConfiguration section */
		2047B5C92055EEEE00DEBAAB /* Debug */ = {
			isa = XCBuildConfiguration;
			buildSettings = {
				ALWAYS_SEARCH_USER_PATHS = NO;
				CLANG_ANALYZER_NONNULL = YES;
				CLANG_ANALYZER_NUMBER_OBJECT_CONVERSION = YES_AGGRESSIVE;
				CLANG_CXX_LANGUAGE_STANDARD = "gnu++14";
				CLANG_CXX_LIBRARY = "libc++";
				CLANG_ENABLE_MODULES = YES;
				CLANG_ENABLE_OBJC_ARC = YES;
				CLANG_WARN_BLOCK_CAPTURE_AUTORELEASING = YES;
				CLANG_WARN_BOOL_CONVERSION = YES;
				CLANG_WARN_COMMA = YES;
				CLANG_WARN_CONSTANT_CONVERSION = YES;
				CLANG_WARN_DIRECT_OBJC_ISA_USAGE = YES_ERROR;
				CLANG_WARN_DOCUMENTATION_COMMENTS = YES;
				CLANG_WARN_EMPTY_BODY = YES;
				CLANG_WARN_ENUM_CONVERSION = YES;
				CLANG_WARN_INFINITE_RECURSION = YES;
				CLANG_WARN_INT_CONVERSION = YES;
				CLANG_WARN_NON_LITERAL_NULL_CONVERSION = YES;
				CLANG_WARN_OBJC_LITERAL_CONVERSION = YES;
				CLANG_WARN_OBJC_ROOT_CLASS = YES_ERROR;
				CLANG_WARN_RANGE_LOOP_ANALYSIS = YES;
				CLANG_WARN_STRICT_PROTOTYPES = YES;
				CLANG_WARN_SUSPICIOUS_MOVE = YES;
				CLANG_WARN_UNGUARDED_AVAILABILITY = YES_AGGRESSIVE;
				CLANG_WARN_UNREACHABLE_CODE = YES;
				CLANG_WARN__DUPLICATE_METHOD_MATCH = YES;
				CODE_SIGN_IDENTITY = "iPhone Developer";
				COPY_PHASE_STRIP = NO;
				DEBUG_INFORMATION_FORMAT = dwarf;
				ENABLE_STRICT_OBJC_MSGSEND = YES;
				ENABLE_TESTABILITY = YES;
				GCC_C_LANGUAGE_STANDARD = gnu11;
				GCC_DYNAMIC_NO_PIC = NO;
				GCC_NO_COMMON_BLOCKS = YES;
				GCC_OPTIMIZATION_LEVEL = 0;
				GCC_PREPROCESSOR_DEFINITIONS = (
					"DEBUG=1",
					"$(inherited)",
				);
				GCC_WARN_64_TO_32_BIT_CONVERSION = YES;
				GCC_WARN_ABOUT_RETURN_TYPE = YES_ERROR;
				GCC_WARN_UNDECLARED_SELECTOR = YES;
				GCC_WARN_UNINITIALIZED_AUTOS = YES_AGGRESSIVE;
				GCC_WARN_UNUSED_FUNCTION = YES;
				GCC_WARN_UNUSED_VARIABLE = YES;
				IPHONEOS_DEPLOYMENT_TARGET = 11.2;
				MTL_ENABLE_DEBUG_INFO = YES;
				ONLY_ACTIVE_ARCH = YES;
				SDKROOT = iphoneos;
				SWIFT_ACTIVE_COMPILATION_CONDITIONS = DEBUG;
				SWIFT_OPTIMIZATION_LEVEL = "-Onone";
			};
			name = Debug;
		};
		2047B5CA2055EEEE00DEBAAB /* Release */ = {
			isa = XCBuildConfiguration;
			buildSettings = {
				ALWAYS_SEARCH_USER_PATHS = NO;
				CLANG_ANALYZER_NONNULL = YES;
				CLANG_ANALYZER_NUMBER_OBJECT_CONVERSION = YES_AGGRESSIVE;
				CLANG_CXX_LANGUAGE_STANDARD = "gnu++14";
				CLANG_CXX_LIBRARY = "libc++";
				CLANG_ENABLE_MODULES = YES;
				CLANG_ENABLE_OBJC_ARC = YES;
				CLANG_WARN_BLOCK_CAPTURE_AUTORELEASING = YES;
				CLANG_WARN_BOOL_CONVERSION = YES;
				CLANG_WARN_COMMA = YES;
				CLANG_WARN_CONSTANT_CONVERSION = YES;
				CLANG_WARN_DIRECT_OBJC_ISA_USAGE = YES_ERROR;
				CLANG_WARN_DOCUMENTATION_COMMENTS = YES;
				CLANG_WARN_EMPTY_BODY = YES;
				CLANG_WARN_ENUM_CONVERSION = YES;
				CLANG_WARN_INFINITE_RECURSION = YES;
				CLANG_WARN_INT_CONVERSION = YES;
				CLANG_WARN_NON_LITERAL_NULL_CONVERSION = YES;
				CLANG_WARN_OBJC_LITERAL_CONVERSION = YES;
				CLANG_WARN_OBJC_ROOT_CLASS = YES_ERROR;
				CLANG_WARN_RANGE_LOOP_ANALYSIS = YES;
				CLANG_WARN_STRICT_PROTOTYPES = YES;
				CLANG_WARN_SUSPICIOUS_MOVE = YES;
				CLANG_WARN_UNGUARDED_AVAILABILITY = YES_AGGRESSIVE;
				CLANG_WARN_UNREACHABLE_CODE = YES;
				CLANG_WARN__DUPLICATE_METHOD_MATCH = YES;
				CODE_SIGN_IDENTITY = "iPhone Developer";
				COPY_PHASE_STRIP = NO;
				DEBUG_INFORMATION_FORMAT = "dwarf-with-dsym";
				ENABLE_NS_ASSERTIONS = NO;
				ENABLE_STRICT_OBJC_MSGSEND = YES;
				GCC_C_LANGUAGE_STANDARD = gnu11;
				GCC_NO_COMMON_BLOCKS = YES;
				GCC_WARN_64_TO_32_BIT_CONVERSION = YES;
				GCC_WARN_ABOUT_RETURN_TYPE = YES_ERROR;
				GCC_WARN_UNDECLARED_SELECTOR = YES;
				GCC_WARN_UNINITIALIZED_AUTOS = YES_AGGRESSIVE;
				GCC_WARN_UNUSED_FUNCTION = YES;
				GCC_WARN_UNUSED_VARIABLE = YES;
				IPHONEOS_DEPLOYMENT_TARGET = 11.2;
				MTL_ENABLE_DEBUG_INFO = NO;
				SDKROOT = iphoneos;
				SWIFT_OPTIMIZATION_LEVEL = "-Owholemodule";
				VALIDATE_PRODUCT = YES;
			};
			name = Release;
		};
		2047B5CC2055EEEE00DEBAAB /* Debug */ = {
			isa = XCBuildConfiguration;
			buildSettings = {
				ASSETCATALOG_COMPILER_APPICON_NAME = AppIcon;
				CODE_SIGN_STYLE = Automatic;
				DEVELOPMENT_TEAM = BR26Z7K4HT;
				INFOPLIST_FILE = VisualTourist/Info.plist;
				IPHONEOS_DEPLOYMENT_TARGET = 10.0;
				LD_RUNPATH_SEARCH_PATHS = "$(inherited) @executable_path/Frameworks";
				PRODUCT_BUNDLE_IDENTIFIER = com.fabiolaramirez.VisualTourist;
				PRODUCT_NAME = "$(TARGET_NAME)";
				SWIFT_VERSION = 4.0;
				TARGETED_DEVICE_FAMILY = "1,2";
			};
			name = Debug;
		};
		2047B5CD2055EEEE00DEBAAB /* Release */ = {
			isa = XCBuildConfiguration;
			buildSettings = {
				ASSETCATALOG_COMPILER_APPICON_NAME = AppIcon;
				CODE_SIGN_STYLE = Automatic;
				DEVELOPMENT_TEAM = BR26Z7K4HT;
				INFOPLIST_FILE = VisualTourist/Info.plist;
				IPHONEOS_DEPLOYMENT_TARGET = 10.0;
				LD_RUNPATH_SEARCH_PATHS = "$(inherited) @executable_path/Frameworks";
				PRODUCT_BUNDLE_IDENTIFIER = com.fabiolaramirez.VisualTourist;
				PRODUCT_NAME = "$(TARGET_NAME)";
				SWIFT_VERSION = 4.0;
				TARGETED_DEVICE_FAMILY = "1,2";
			};
			name = Release;
		};
/* End XCBuildConfiguration section */

/* Begin XCConfigurationList section */
		2047B5B12055EEED00DEBAAB /* Build configuration list for PBXProject "VisualTourist" */ = {
			isa = XCConfigurationList;
			buildConfigurations = (
				2047B5C92055EEEE00DEBAAB /* Debug */,
				2047B5CA2055EEEE00DEBAAB /* Release */,
			);
			defaultConfigurationIsVisible = 0;
			defaultConfigurationName = Release;
		};
		2047B5CB2055EEEE00DEBAAB /* Build configuration list for PBXNativeTarget "VisualTourist" */ = {
			isa = XCConfigurationList;
			buildConfigurations = (
				2047B5CC2055EEEE00DEBAAB /* Debug */,
				2047B5CD2055EEEE00DEBAAB /* Release */,
			);
			defaultConfigurationIsVisible = 0;
			defaultConfigurationName = Release;
		};
/* End XCConfigurationList section */

/* Begin XCVersionGroup section */
		2093BE222058BCE600FABFFD /* CoreDataModel.xcdatamodeld */ = {
			isa = XCVersionGroup;
			children = (
				2093BE232058BCE600FABFFD /* CoreDataModel.xcdatamodel */,
			);
			currentVersion = 2093BE232058BCE600FABFFD /* CoreDataModel.xcdatamodel */;
			path = CoreDataModel.xcdatamodeld;
			sourceTree = "<group>";
			versionGroupType = wrapper.xcdatamodel;
		};
/* End XCVersionGroup section */
	};
	rootObject = 2047B5AE2055EEED00DEBAAB /* Project object */;
}
